// !$*UTF8*$!
{
	archiveVersion = 1;
	classes = {
	};
	objectVersion = 46;
	objects = {

/* Begin PBXBuildFile section */
		FA761E501D67EB60006C43EC /* AppDelegate.swift in Sources */ = {isa = PBXBuildFile; fileRef = FA761E4F1D67EB60006C43EC /* AppDelegate.swift */; };
		FA761E521D67EB60006C43EC /* ViewController.swift in Sources */ = {isa = PBXBuildFile; fileRef = FA761E511D67EB60006C43EC /* ViewController.swift */; };
		FA761E551D67EB60006C43EC /* Main.storyboard in Resources */ = {isa = PBXBuildFile; fileRef = FA761E531D67EB60006C43EC /* Main.storyboard */; };
		FA761E571D67EB60006C43EC /* Assets.xcassets in Resources */ = {isa = PBXBuildFile; fileRef = FA761E561D67EB60006C43EC /* Assets.xcassets */; };
		FA761E5A1D67EB60006C43EC /* LaunchScreen.storyboard in Resources */ = {isa = PBXBuildFile; fileRef = FA761E581D67EB60006C43EC /* LaunchScreen.storyboard */; };
		FA9464ED1D71279000BCDB90 /* MultasViewController.swift in Sources */ = {isa = PBXBuildFile; fileRef = FA9464EC1D71279000BCDB90 /* MultasViewController.swift */; };
		FA967C841D838972008FF85D /* fotoMulta.jpg in Resources */ = {isa = PBXBuildFile; fileRef = FA967C831D838972008FF85D /* fotoMulta.jpg */; };
		FA967C861D838A08008FF85D /* Ticket.swift in Sources */ = {isa = PBXBuildFile; fileRef = FA967C851D838A08008FF85D /* Ticket.swift */; };
/* End PBXBuildFile section */

/* Begin PBXFileReference section */
		FA761E4C1D67EB5F006C43EC /* FotoMultas.app */ = {isa = PBXFileReference; explicitFileType = wrapper.application; includeInIndex = 0; path = FotoMultas.app; sourceTree = BUILT_PRODUCTS_DIR; };
		FA761E4F1D67EB60006C43EC /* AppDelegate.swift */ = {isa = PBXFileReference; lastKnownFileType = sourcecode.swift; path = AppDelegate.swift; sourceTree = "<group>"; };
		FA761E511D67EB60006C43EC /* ViewController.swift */ = {isa = PBXFileReference; lastKnownFileType = sourcecode.swift; path = ViewController.swift; sourceTree = "<group>"; };
		FA761E541D67EB60006C43EC /* Base */ = {isa = PBXFileReference; lastKnownFileType = file.storyboard; name = Base; path = Base.lproj/Main.storyboard; sourceTree = "<group>"; };
		FA761E561D67EB60006C43EC /* Assets.xcassets */ = {isa = PBXFileReference; lastKnownFileType = folder.assetcatalog; path = Assets.xcassets; sourceTree = "<group>"; };
		FA761E591D67EB60006C43EC /* Base */ = {isa = PBXFileReference; lastKnownFileType = file.storyboard; name = Base; path = Base.lproj/LaunchScreen.storyboard; sourceTree = "<group>"; };
		FA761E5B1D67EB60006C43EC /* Info.plist */ = {isa = PBXFileReference; lastKnownFileType = text.plist.xml; path = Info.plist; sourceTree = "<group>"; };
		FA9464EC1D71279000BCDB90 /* MultasViewController.swift */ = {isa = PBXFileReference; fileEncoding = 4; lastKnownFileType = sourcecode.swift; path = MultasViewController.swift; sourceTree = "<group>"; };
		FA967C831D838972008FF85D /* fotoMulta.jpg */ = {isa = PBXFileReference; lastKnownFileType = image.jpeg; path = fotoMulta.jpg; sourceTree = "<group>"; };
		FA967C851D838A08008FF85D /* Ticket.swift */ = {isa = PBXFileReference; fileEncoding = 4; lastKnownFileType = sourcecode.swift; path = Ticket.swift; sourceTree = "<group>"; };
/* End PBXFileReference section */

/* Begin PBXFrameworksBuildPhase section */
		FA761E491D67EB5F006C43EC /* Frameworks */ = {
			isa = PBXFrameworksBuildPhase;
			buildActionMask = 2147483647;
			files = (
			);
			runOnlyForDeploymentPostprocessing = 0;
		};
/* End PBXFrameworksBuildPhase section */

/* Begin PBXGroup section */
		FA761E431D67EB5F006C43EC = {
			isa = PBXGroup;
			children = (
				FA761E4E1D67EB60006C43EC /* FotoMultas */,
				FA761E4D1D67EB5F006C43EC /* Products */,
			);
			sourceTree = "<group>";
		};
		FA761E4D1D67EB5F006C43EC /* Products */ = {
			isa = PBXGroup;
			children = (
				FA761E4C1D67EB5F006C43EC /* FotoMultas.app */,
			);
			name = Products;
			sourceTree = "<group>";
		};
		FA761E4E1D67EB60006C43EC /* FotoMultas */ = {
			isa = PBXGroup;
			children = (
				FA967C821D838941008FF85D /* resources */,
				FA761E4F1D67EB60006C43EC /* AppDelegate.swift */,
				FA761E511D67EB60006C43EC /* ViewController.swift */,
				FA761E531D67EB60006C43EC /* Main.storyboard */,
				FA761E561D67EB60006C43EC /* Assets.xcassets */,
				FA761E581D67EB60006C43EC /* LaunchScreen.storyboard */,
				FA761E5B1D67EB60006C43EC /* Info.plist */,
				FA9464EC1D71279000BCDB90 /* MultasViewController.swift */,
				FA967C851D838A08008FF85D /* Ticket.swift */,
			);
			path = FotoMultas;
			sourceTree = "<group>";
		};
		FA967C821D838941008FF85D /* resources */ = {
			isa = PBXGroup;
			children = (
				FA967C831D838972008FF85D /* fotoMulta.jpg */,
			);
			name = resources;
			sourceTree = "<group>";
		};
/* End PBXGroup section */

/* Begin PBXNativeTarget section */
		FA761E4B1D67EB5F006C43EC /* FotoMultas */ = {
			isa = PBXNativeTarget;
			buildConfigurationList = FA761E5E1D67EB60006C43EC /* Build configuration list for PBXNativeTarget "FotoMultas" */;
			buildPhases = (
				FA761E481D67EB5F006C43EC /* Sources */,
				FA761E491D67EB5F006C43EC /* Frameworks */,
				FA761E4A1D67EB5F006C43EC /* Resources */,
			);
			buildRules = (
			);
			dependencies = (
			);
			name = FotoMultas;
			productName = FotoMultas;
			productReference = FA761E4C1D67EB5F006C43EC /* FotoMultas.app */;
			productType = "com.apple.product-type.application";
		};
/* End PBXNativeTarget section */

/* Begin PBXProject section */
		FA761E441D67EB5F006C43EC /* Project object */ = {
			isa = PBXProject;
			attributes = {
				LastSwiftUpdateCheck = 0730;
				LastUpgradeCheck = 0730;
				ORGANIZATIONNAME = UdeM;
				TargetAttributes = {
					FA761E4B1D67EB5F006C43EC = {
						CreatedOnToolsVersion = 7.3;
					};
				};
			};
			buildConfigurationList = FA761E471D67EB5F006C43EC /* Build configuration list for PBXProject "FotoMultas" */;
			compatibilityVersion = "Xcode 3.2";
			developmentRegion = English;
			hasScannedForEncodings = 0;
			knownRegions = (
				en,
				Base,
			);
			mainGroup = FA761E431D67EB5F006C43EC;
			productRefGroup = FA761E4D1D67EB5F006C43EC /* Products */;
			projectDirPath = "";
			projectRoot = "";
			targets = (
				FA761E4B1D67EB5F006C43EC /* FotoMultas */,
			);
		};
/* End PBXProject section */

/* Begin PBXResourcesBuildPhase section */
		FA761E4A1D67EB5F006C43EC /* Resources */ = {
			isa = PBXResourcesBuildPhase;
			buildActionMask = 2147483647;
			files = (
				FA761E5A1D67EB60006C43EC /* LaunchScreen.storyboard in Resources */,
				FA761E571D67EB60006C43EC /* Assets.xcassets in Resources */,
				FA761E551D67EB60006C43EC /* Main.storyboard in Resources */,
				FA967C841D838972008FF85D /* fotoMulta.jpg in Resources */,
			);
			runOnlyForDeploymentPostprocessing = 0;
		};
/* End PBXResourcesBuildPhase section */

/* Begin PBXSourcesBuildPhase section */
		FA761E481D67EB5F006C43EC /* Sources */ = {
			isa = PBXSourcesBuildPhase;
			buildActionMask = 2147483647;
			files = (
				FA761E521D67EB60006C43EC /* ViewController.swift in Sources */,
				FA761E501D67EB60006C43EC /* AppDelegate.swift in Sources */,
				FA9464ED1D71279000BCDB90 /* MultasViewController.swift in Sources */,
				FA967C861D838A08008FF85D /* Ticket.swift in Sources */,
			);
			runOnlyForDeploymentPostprocessing = 0;
		};
/* End PBXSourcesBuildPhase section */

/* Begin PBXVariantGroup section */
		FA761E531D67EB60006C43EC /* Main.storyboard */ = {
			isa = PBXVariantGroup;
			children = (
				FA761E541D67EB60006C43EC /* Base */,
			);
			name = Main.storyboard;
			sourceTree = "<group>";
		};
		FA761E581D67EB60006C43EC /* LaunchScreen.storyboard */ = {
			isa = PBXVariantGroup;
			children = (
				FA761E591D67EB60006C43EC /* Base */,
			);
			name = LaunchScreen.storyboard;
			sourceTree = "<group>";
		};
/* End PBXVariantGroup section */

/* Begin XCBuildConfiguration section */
		FA761E5C1D67EB60006C43EC /* Debug */ = {
			isa = XCBuildConfiguration;
			buildSettings = {
				ALWAYS_SEARCH_USER_PATHS = NO;
				CLANG_ANALYZER_NONNULL = YES;
				CLANG_CXX_LANGUAGE_STANDARD = "gnu++0x";
				CLANG_CXX_LIBRARY = "libc++";
				CLANG_ENABLE_MODULES = YES;
				CLANG_ENABLE_OBJC_ARC = YES;
				CLANG_WARN_BOOL_CONVERSION = YES;
				CLANG_WARN_CONSTANT_CONVERSION = YES;
				CLANG_WARN_DIRECT_OBJC_ISA_USAGE = YES_ERROR;
				CLANG_WARN_EMPTY_BODY = YES;
				CLANG_WARN_ENUM_CONVERSION = YES;
				CLANG_WARN_INT_CONVERSION = YES;
				CLANG_WARN_OBJC_ROOT_CLASS = YES_ERROR;
				CLANG_WARN_UNREACHABLE_CODE = YES;
				CLANG_WARN__DUPLICATE_METHOD_MATCH = YES;
				"CODE_SIGN_IDENTITY[sdk=iphoneos*]" = "iPhone Developer";
				COPY_PHASE_STRIP = NO;
				DEBUG_INFORMATION_FORMAT = dwarf;
				ENABLE_STRICT_OBJC_MSGSEND = YES;
				ENABLE_TESTABILITY = YES;
				GCC_C_LANGUAGE_STANDARD = gnu99;
				GCC_DYNAMIC_NO_PIC = NO;
				GCC_NO_COMMON_BLOCKS = YES;
				GCC_OPTIMIZATION_LEVEL = 0;
				GCC_PREPROCESSOR_DEFINITIONS = (
					"DEBUG=1",
					"$(inherited)",
				);
				GCC_WARN_64_TO_32_BIT_CONVERSION = YES;
				GCC_WARN_ABOUT_RETURN_TYPE = YES_ERROR;
				GCC_WARN_UNDECLARED_SELECTOR = YES;
				GCC_WARN_UNINITIALIZED_AUTOS = YES_AGGRESSIVE;
				GCC_WARN_UNUSED_FUNCTION = YES;
				GCC_WARN_UNUSED_VARIABLE = YES;
				IPHONEOS_DEPLOYMENT_TARGET = 9.3;
				MTL_ENABLE_DEBUG_INFO = YES;
				ONLY_ACTIVE_ARCH = YES;
				SDKROOT = iphoneos;
				SWIFT_OPTIMIZATION_LEVEL = "-Onone";
			};
			name = Debug;
		};
		FA761E5D1D67EB60006C43EC /* Release */ = {
			isa = XCBuildConfiguration;
			buildSettings = {
				ALWAYS_SEARCH_USER_PATHS = NO;
				CLANG_ANALYZER_NONNULL = YES;
				CLANG_CXX_LANGUAGE_STANDARD = "gnu++0x";
				CLANG_CXX_LIBRARY = "libc++";
				CLANG_ENABLE_MODULES = YES;
				CLANG_ENABLE_OBJC_ARC = YES;
				CLANG_WARN_BOOL_CONVERSION = YES;
				CLANG_WARN_CONSTANT_CONVERSION = YES;
				CLANG_WARN_DIRECT_OBJC_ISA_USAGE = YES_ERROR;
				CLANG_WARN_EMPTY_BODY = YES;
				CLANG_WARN_ENUM_CONVERSION = YES;
				CLANG_WARN_INT_CONVERSION = YES;
				CLANG_WARN_OBJC_ROOT_CLASS = YES_ERROR;
				CLANG_WARN_UNREACHABLE_CODE = YES;
				CLANG_WARN__DUPLICATE_METHOD_MATCH = YES;
				"CODE_SIGN_IDENTITY[sdk=iphoneos*]" = "iPhone Developer";
				COPY_PHASE_STRIP = NO;
				DEBUG_INFORMATION_FORMAT = "dwarf-with-dsym";
				ENABLE_NS_ASSERTIONS = NO;
				ENABLE_STRICT_OBJC_MSGSEND = YES;
				GCC_C_LANGUAGE_STANDARD = gnu99;
				GCC_NO_COMMON_BLOCKS = YES;
				GCC_WARN_64_TO_32_BIT_CONVERSION = YES;
				GCC_WARN_ABOUT_RETURN_TYPE = YES_ERROR;
				GCC_WARN_UNDECLARED_SELECTOR = YES;
				GCC_WARN_UNINITIALIZED_AUTOS = YES_AGGRESSIVE;
				GCC_WARN_UNUSED_FUNCTION = YES;
				GCC_WARN_UNUSED_VARIABLE = YES;
				IPHONEOS_DEPLOYMENT_TARGET = 9.3;
				MTL_ENABLE_DEBUG_INFO = NO;
				SDKROOT = iphoneos;
				VALIDATE_PRODUCT = YES;
			};
			name = Release;
		};
		FA761E5F1D67EB60006C43EC /* Debug */ = {
			isa = XCBuildConfiguration;
			buildSettings = {
				ASSETCATALOG_COMPILER_APPICON_NAME = AppIcon;
				INFOPLIST_FILE = FotoMultas/Info.plist;
				LD_RUNPATH_SEARCH_PATHS = "$(inherited) @executable_path/Frameworks";
				PRODUCT_BUNDLE_IDENTIFIER = com.UdeM.FotoMultas;
				PRODUCT_NAME = "$(TARGET_NAME)";
			};
			name = Debug;
		};
		FA761E601D67EB60006C43EC /* Release */ = {
			isa = XCBuildConfiguration;
			buildSettings = {
				ASSETCATALOG_COMPILER_APPICON_NAME = AppIcon;
				INFOPLIST_FILE = FotoMultas/Info.plist;
				LD_RUNPATH_SEARCH_PATHS = "$(inherited) @executable_path/Frameworks";
				PRODUCT_BUNDLE_IDENTIFIER = com.UdeM.FotoMultas;
				PRODUCT_NAME = "$(TARGET_NAME)";
			};
			name = Release;
		};
/* End XCBuildConfiguration section */

/* Begin XCConfigurationList section */
		FA761E471D67EB5F006C43EC /* Build configuration list for PBXProject "FotoMultas" */ = {
			isa = XCConfigurationList;
			buildConfigurations = (
				FA761E5C1D67EB60006C43EC /* Debug */,
				FA761E5D1D67EB60006C43EC /* Release */,
			);
			defaultConfigurationIsVisible = 0;
			defaultConfigurationName = Release;
		};
		FA761E5E1D67EB60006C43EC /* Build configuration list for PBXNativeTarget "FotoMultas" */ = {
			isa = XCConfigurationList;
			buildConfigurations = (
				FA761E5F1D67EB60006C43EC /* Debug */,
				FA761E601D67EB60006C43EC /* Release */,
			);
			defaultConfigurationIsVisible = 0;
			defaultConfigurationName = Release;
		};
/* End XCConfigurationList section */
	};
	rootObject = FA761E441D67EB5F006C43EC /* Project object */;
}
